
Microsoft Visual Studio Solution File, Format Version 12.00
# Visual Studio Version 17
VisualStudioVersion = 17.11.35327.3
MinimumVisualStudioVersion = 10.0.40219.1
Project("{9A19103F-16F7-4668-BE54-9A1E7A4F7556}") = "book", "book.csproj", "{ED668956-EAAC-427A-8186-E0F5DC4A0784}"
EndProject
Global
	GlobalSection(SolutionConfigurationPlatforms) = preSolution
		Debug|Any CPU = Debug|Any CPU
		Release|Any CPU = Release|Any CPU
	EndGlobalSection
	GlobalSection(ProjectConfigurationPlatforms) = postSolution
		{ED668956-EAAC-427A-8186-E0F5DC4A0784}.Debug|Any CPU.ActiveCfg = Debug|Any CPU
		{ED668956-EAAC-427A-8186-E0F5DC4A0784}.Debug|Any CPU.Build.0 = Debug|Any CPU
		{ED668956-EAAC-427A-8186-E0F5DC4A0784}.Release|Any CPU.ActiveCfg = Release|Any CPU
		{ED668956-EAAC-427A-8186-E0F5DC4A0784}.Release|Any CPU.Build.0 = Release|Any CPU
	EndGlobalSection
	GlobalSection(SolutionProperties) = preSolution
		HideSolutionNode = FALSE
	EndGlobalSection
	GlobalSection(ExtensibilityGlobals) = postSolution
		SolutionGuid = {A30384A1-1635-4B13-B61E-118EF99E76A0}
	EndGlobalSection
EndGlobal
